
Microsoft Visual Studio Solution File, Format Version 12.00
# Visual Studio Version 17
VisualStudioVersion = 17.14.36301.6 d17.14
MinimumVisualStudioVersion = 10.0.40219.1
Project("{FAE04EC0-301F-11D3-BF4B-00C04F79EFBC}") = "CSharpEgitimKampi301.EntityLayer", "CSharpEgitimKampi301.EntityLayer\CSharpEgitimKampi301.EntityLayer.csproj", "{44C5B0DC-0F4F-4FC9-A67E-27357CA86B02}"
EndProject
Project("{FAE04EC0-301F-11D3-BF4B-00C04F79EFBC}") = "CSharpEgitimKampi301.DataAccessLayer", "CSharpEgitimKampi301.DataAccessLayer\CSharpEgitimKampi301.DataAccessLayer.csproj", "{2D364316-A294-4A06-BEE5-940392D70E4B}"
EndProject
Project("{FAE04EC0-301F-11D3-BF4B-00C04F79EFBC}") = "CSharpEgitimKampi301.BusinessLayer", "CSharpEgitimKampi301.BusinessLayer\CSharpEgitimKampi301.BusinessLayer.csproj", "{715A69A9-0412-4D6C-AA60-8B936DDCDB22}"
EndProject
Project("{FAE04EC0-301F-11D3-BF4B-00C04F79EFBC}") = "CSharpEgitimKampi301.PresentationLayer", "CSharpEgitimKampi301.PresentationLayer\CSharpEgitimKampi301.PresentationLayer.csproj", "{A44AC05A-2ECB-4338-ACBF-CE76BA842750}"
EndProject
Global
	GlobalSection(SolutionConfigurationPlatforms) = preSolution
		Debug|Any CPU = Debug|Any CPU
		Release|Any CPU = Release|Any CPU
	EndGlobalSection
	GlobalSection(ProjectConfigurationPlatforms) = postSolution
		{44C5B0DC-0F4F-4FC9-A67E-27357CA86B02}.Debug|Any CPU.ActiveCfg = Debug|Any CPU
		{44C5B0DC-0F4F-4FC9-A67E-27357CA86B02}.Debug|Any CPU.Build.0 = Debug|Any CPU
		{44C5B0DC-0F4F-4FC9-A67E-27357CA86B02}.Release|Any CPU.ActiveCfg = Release|Any CPU
		{44C5B0DC-0F4F-4FC9-A67E-27357CA86B02}.Release|Any CPU.Build.0 = Release|Any CPU
		{2D364316-A294-4A06-BEE5-940392D70E4B}.Debug|Any CPU.ActiveCfg = Debug|Any CPU
		{2D364316-A294-4A06-BEE5-940392D70E4B}.Debug|Any CPU.Build.0 = Debug|Any CPU
		{2D364316-A294-4A06-BEE5-940392D70E4B}.Release|Any CPU.ActiveCfg = Release|Any CPU
		{2D364316-A294-4A06-BEE5-940392D70E4B}.Release|Any CPU.Build.0 = Release|Any CPU
		{715A69A9-0412-4D6C-AA60-8B936DDCDB22}.Debug|Any CPU.ActiveCfg = Debug|Any CPU
		{715A69A9-0412-4D6C-AA60-8B936DDCDB22}.Debug|Any CPU.Build.0 = Debug|Any CPU
		{715A69A9-0412-4D6C-AA60-8B936DDCDB22}.Release|Any CPU.ActiveCfg = Release|Any CPU
		{715A69A9-0412-4D6C-AA60-8B936DDCDB22}.Release|Any CPU.Build.0 = Release|Any CPU
		{A44AC05A-2ECB-4338-ACBF-CE76BA842750}.Debug|Any CPU.ActiveCfg = Debug|Any CPU
		{A44AC05A-2ECB-4338-ACBF-CE76BA842750}.Debug|Any CPU.Build.0 = Debug|Any CPU
		{A44AC05A-2ECB-4338-ACBF-CE76BA842750}.Release|Any CPU.ActiveCfg = Release|Any CPU
		{A44AC05A-2ECB-4338-ACBF-CE76BA842750}.Release|Any CPU.Build.0 = Release|Any CPU
	EndGlobalSection
	GlobalSection(SolutionProperties) = preSolution
		HideSolutionNode = FALSE
	EndGlobalSection
	GlobalSection(ExtensibilityGlobals) = postSolution
		SolutionGuid = {5ED6A727-FF5D-4F08-9165-7DB923F3EC2F}
	EndGlobalSection
EndGlobal
